// !$*UTF8*$!
{
	archiveVersion = 1;
	classes = {
	};
	objectVersion = 56;
	objects = {

/* Begin PBXBuildFile section */
		4A97931B2AAA22EE00F29DB3 /* AppDelegate.swift in Sources */ = {isa = PBXBuildFile; fileRef = 4A97931A2AAA22EE00F29DB3 /* AppDelegate.swift */; };
		4A97931D2AAA22EE00F29DB3 /* SceneDelegate.swift in Sources */ = {isa = PBXBuildFile; fileRef = 4A97931C2AAA22EE00F29DB3 /* SceneDelegate.swift */; };
		4A97931F2AAA22EE00F29DB3 /* ViewController.swift in Sources */ = {isa = PBXBuildFile; fileRef = 4A97931E2AAA22EE00F29DB3 /* ViewController.swift */; };
		4A9793222AAA22EE00F29DB3 /* Main.storyboard in Resources */ = {isa = PBXBuildFile; fileRef = 4A9793202AAA22EE00F29DB3 /* Main.storyboard */; };
		4A9793242AAA22EF00F29DB3 /* Assets.xcassets in Resources */ = {isa = PBXBuildFile; fileRef = 4A9793232AAA22EF00F29DB3 /* Assets.xcassets */; };
		4A9793272AAA22EF00F29DB3 /* LaunchScreen.storyboard in Resources */ = {isa = PBXBuildFile; fileRef = 4A9793252AAA22EF00F29DB3 /* LaunchScreen.storyboard */; };
		4A9793332AAA244600F29DB3 /* SwiftParser in Frameworks */ = {isa = PBXBuildFile; productRef = 4A9793322AAA244600F29DB3 /* SwiftParser */; };
		4A9793352AAA244600F29DB3 /* SwiftSyntax in Frameworks */ = {isa = PBXBuildFile; productRef = 4A9793342AAA244600F29DB3 /* SwiftSyntax */; };
		4A9793372AAA244600F29DB3 /* SwiftSyntaxBuilder in Frameworks */ = {isa = PBXBuildFile; productRef = 4A9793362AAA244600F29DB3 /* SwiftSyntaxBuilder */; };
		4A9793392AAA244600F29DB3 /* SwiftSyntaxParser in Frameworks */ = {isa = PBXBuildFile; productRef = 4A9793382AAA244600F29DB3 /* SwiftSyntaxParser */; };
/* End PBXBuildFile section */

/* Begin PBXFileReference section */
		4A9793172AAA22EE00F29DB3 /* ExSwiftSyntax.app */ = {isa = PBXFileReference; explicitFileType = wrapper.application; includeInIndex = 0; path = ExSwiftSyntax.app; sourceTree = BUILT_PRODUCTS_DIR; };
		4A97931A2AAA22EE00F29DB3 /* AppDelegate.swift */ = {isa = PBXFileReference; lastKnownFileType = sourcecode.swift; path = AppDelegate.swift; sourceTree = "<group>"; };
		4A97931C2AAA22EE00F29DB3 /* SceneDelegate.swift */ = {isa = PBXFileReference; lastKnownFileType = sourcecode.swift; path = SceneDelegate.swift; sourceTree = "<group>"; };
		4A97931E2AAA22EE00F29DB3 /* ViewController.swift */ = {isa = PBXFileReference; lastKnownFileType = sourcecode.swift; path = ViewController.swift; sourceTree = "<group>"; };
		4A9793212AAA22EE00F29DB3 /* Base */ = {isa = PBXFileReference; lastKnownFileType = file.storyboard; name = Base; path = Base.lproj/Main.storyboard; sourceTree = "<group>"; };
		4A9793232AAA22EF00F29DB3 /* Assets.xcassets */ = {isa = PBXFileReference; lastKnownFileType = folder.assetcatalog; path = Assets.xcassets; sourceTree = "<group>"; };
		4A9793262AAA22EF00F29DB3 /* Base */ = {isa = PBXFileReference; lastKnownFileType = file.storyboard; name = Base; path = Base.lproj/LaunchScreen.storyboard; sourceTree = "<group>"; };
		4A9793282AAA22EF00F29DB3 /* Info.plist */ = {isa = PBXFileReference; lastKnownFileType = text.plist.xml; path = Info.plist; sourceTree = "<group>"; };
/* End PBXFileReference section */

/* Begin PBXFrameworksBuildPhase section */
		4A9793142AAA22EE00F29DB3 /* Frameworks */ = {
			isa = PBXFrameworksBuildPhase;
			buildActionMask = 2147483647;
			files = (
				4A9793332AAA244600F29DB3 /* SwiftParser in Frameworks */,
				4A9793372AAA244600F29DB3 /* SwiftSyntaxBuilder in Frameworks */,
				4A9793392AAA244600F29DB3 /* SwiftSyntaxParser in Frameworks */,
				4A9793352AAA244600F29DB3 /* SwiftSyntax in Frameworks */,
			);
			runOnlyForDeploymentPostprocessing = 0;
		};
/* End PBXFrameworksBuildPhase section */

/* Begin PBXGroup section */
		4A97930E2AAA22EE00F29DB3 = {
			isa = PBXGroup;
			children = (
				4A9793192AAA22EE00F29DB3 /* ExSwiftSyntax */,
				4A9793182AAA22EE00F29DB3 /* Products */,
			);
			sourceTree = "<group>";
		};
		4A9793182AAA22EE00F29DB3 /* Products */ = {
			isa = PBXGroup;
			children = (
				4A9793172AAA22EE00F29DB3 /* ExSwiftSyntax.app */,
			);
			name = Products;
			sourceTree = "<group>";
		};
		4A9793192AAA22EE00F29DB3 /* ExSwiftSyntax */ = {
			isa = PBXGroup;
			children = (
				4A97931A2AAA22EE00F29DB3 /* AppDelegate.swift */,
				4A97931C2AAA22EE00F29DB3 /* SceneDelegate.swift */,
				4A97931E2AAA22EE00F29DB3 /* ViewController.swift */,
				4A9793202AAA22EE00F29DB3 /* Main.storyboard */,
				4A9793232AAA22EF00F29DB3 /* Assets.xcassets */,
				4A9793252AAA22EF00F29DB3 /* LaunchScreen.storyboard */,
				4A9793282AAA22EF00F29DB3 /* Info.plist */,
			);
			path = ExSwiftSyntax;
			sourceTree = "<group>";
		};
/* End PBXGroup section */

/* Begin PBXNativeTarget section */
		4A9793162AAA22EE00F29DB3 /* ExSwiftSyntax */ = {
			isa = PBXNativeTarget;
			buildConfigurationList = 4A97932B2AAA22EF00F29DB3 /* Build configuration list for PBXNativeTarget "ExSwiftSyntax" */;
			buildPhases = (
				4A9793132AAA22EE00F29DB3 /* Sources */,
				4A9793142AAA22EE00F29DB3 /* Frameworks */,
				4A9793152AAA22EE00F29DB3 /* Resources */,
			);
			buildRules = (
			);
			dependencies = (
			);
			name = ExSwiftSyntax;
			packageProductDependencies = (
				4A9793322AAA244600F29DB3 /* SwiftParser */,
				4A9793342AAA244600F29DB3 /* SwiftSyntax */,
				4A9793362AAA244600F29DB3 /* SwiftSyntaxBuilder */,
				4A9793382AAA244600F29DB3 /* SwiftSyntaxParser */,
			);
			productName = ExSwiftSyntax;
			productReference = 4A9793172AAA22EE00F29DB3 /* ExSwiftSyntax.app */;
			productType = "com.apple.product-type.application";
		};
/* End PBXNativeTarget section */

/* Begin PBXProject section */
		4A97930F2AAA22EE00F29DB3 /* Project object */ = {
			isa = PBXProject;
			attributes = {
				BuildIndependentTargetsInParallel = 1;
				LastSwiftUpdateCheck = 1430;
				LastUpgradeCheck = 1430;
				TargetAttributes = {
					4A9793162AAA22EE00F29DB3 = {
						CreatedOnToolsVersion = 14.3.1;
					};
				};
			};
			buildConfigurationList = 4A9793122AAA22EE00F29DB3 /* Build configuration list for PBXProject "ExSwiftSyntax" */;
			compatibilityVersion = "Xcode 14.0";
			developmentRegion = en;
			hasScannedForEncodings = 0;
			knownRegions = (
				en,
				Base,
			);
			mainGroup = 4A97930E2AAA22EE00F29DB3;
			packageReferences = (
				4A9793312AAA244600F29DB3 /* XCRemoteSwiftPackageReference "swift-syntax" */,
			);
			productRefGroup = 4A9793182AAA22EE00F29DB3 /* Products */;
			projectDirPath = "";
			projectRoot = "";
			targets = (
				4A9793162AAA22EE00F29DB3 /* ExSwiftSyntax */,
			);
		};
/* End PBXProject section */

/* Begin PBXResourcesBuildPhase section */
		4A9793152AAA22EE00F29DB3 /* Resources */ = {
			isa = PBXResourcesBuildPhase;
			buildActionMask = 2147483647;
			files = (
				4A9793272AAA22EF00F29DB3 /* LaunchScreen.storyboard in Resources */,
				4A9793242AAA22EF00F29DB3 /* Assets.xcassets in Resources */,
				4A9793222AAA22EE00F29DB3 /* Main.storyboard in Resources */,
			);
			runOnlyForDeploymentPostprocessing = 0;
		};
/* End PBXResourcesBuildPhase section */

/* Begin PBXSourcesBuildPhase section */
		4A9793132AAA22EE00F29DB3 /* Sources */ = {
			isa = PBXSourcesBuildPhase;
			buildActionMask = 2147483647;
			files = (
				4A97931F2AAA22EE00F29DB3 /* ViewController.swift in Sources */,
				4A97931B2AAA22EE00F29DB3 /* AppDelegate.swift in Sources */,
				4A97931D2AAA22EE00F29DB3 /* SceneDelegate.swift in Sources */,
			);
			runOnlyForDeploymentPostprocessing = 0;
		};
/* End PBXSourcesBuildPhase section */

/* Begin PBXVariantGroup section */
		4A9793202AAA22EE00F29DB3 /* Main.storyboard */ = {
			isa = PBXVariantGroup;
			children = (
				4A9793212AAA22EE00F29DB3 /* Base */,
			);
			name = Main.storyboard;
			sourceTree = "<group>";
		};
		4A9793252AAA22EF00F29DB3 /* LaunchScreen.storyboard */ = {
			isa = PBXVariantGroup;
			children = (
				4A9793262AAA22EF00F29DB3 /* Base */,
			);
			name = LaunchScreen.storyboard;
			sourceTree = "<group>";
		};
/* End PBXVariantGroup section */

/* Begin XCBuildConfiguration section */
		4A9793292AAA22EF00F29DB3 /* Debug */ = {
			isa = XCBuildConfiguration;
			buildSettings = {
				ALWAYS_SEARCH_USER_PATHS = NO;
				CLANG_ANALYZER_NONNULL = YES;
				CLANG_ANALYZER_NUMBER_OBJECT_CONVERSION = YES_AGGRESSIVE;
				CLANG_CXX_LANGUAGE_STANDARD = "gnu++20";
				CLANG_ENABLE_MODULES = YES;
				CLANG_ENABLE_OBJC_ARC = YES;
				CLANG_ENABLE_OBJC_WEAK = YES;
				CLANG_WARN_BLOCK_CAPTURE_AUTORELEASING = YES;
				CLANG_WARN_BOOL_CONVERSION = YES;
				CLANG_WARN_COMMA = YES;
				CLANG_WARN_CONSTANT_CONVERSION = YES;
				CLANG_WARN_DEPRECATED_OBJC_IMPLEMENTATIONS = YES;
				CLANG_WARN_DIRECT_OBJC_ISA_USAGE = YES_ERROR;
				CLANG_WARN_DOCUMENTATION_COMMENTS = YES;
				CLANG_WARN_EMPTY_BODY = YES;
				CLANG_WARN_ENUM_CONVERSION = YES;
				CLANG_WARN_INFINITE_RECURSION = YES;
				CLANG_WARN_INT_CONVERSION = YES;
				CLANG_WARN_NON_LITERAL_NULL_CONVERSION = YES;
				CLANG_WARN_OBJC_IMPLICIT_RETAIN_SELF = YES;
				CLANG_WARN_OBJC_LITERAL_CONVERSION = YES;
				CLANG_WARN_OBJC_ROOT_CLASS = YES_ERROR;
				CLANG_WARN_QUOTED_INCLUDE_IN_FRAMEWORK_HEADER = YES;
				CLANG_WARN_RANGE_LOOP_ANALYSIS = YES;
				CLANG_WARN_STRICT_PROTOTYPES = YES;
				CLANG_WARN_SUSPICIOUS_MOVE = YES;
				CLANG_WARN_UNGUARDED_AVAILABILITY = YES_AGGRESSIVE;
				CLANG_WARN_UNREACHABLE_CODE = YES;
				CLANG_WARN__DUPLICATE_METHOD_MATCH = YES;
				COPY_PHASE_STRIP = NO;
				DEBUG_INFORMATION_FORMAT = dwarf;
				ENABLE_STRICT_OBJC_MSGSEND = YES;
				ENABLE_TESTABILITY = YES;
				GCC_C_LANGUAGE_STANDARD = gnu11;
				GCC_DYNAMIC_NO_PIC = NO;
				GCC_NO_COMMON_BLOCKS = YES;
				GCC_OPTIMIZATION_LEVEL = 0;
				GCC_PREPROCESSOR_DEFINITIONS = (
					"DEBUG=1",
					"$(inherited)",
				);
				GCC_WARN_64_TO_32_BIT_CONVERSION = YES;
				GCC_WARN_ABOUT_RETURN_TYPE = YES_ERROR;
				GCC_WARN_UNDECLARED_SELECTOR = YES;
				GCC_WARN_UNINITIALIZED_AUTOS = YES_AGGRESSIVE;
				GCC_WARN_UNUSED_FUNCTION = YES;
				GCC_WARN_UNUSED_VARIABLE = YES;
				IPHONEOS_DEPLOYMENT_TARGET = 16.4;
				MTL_ENABLE_DEBUG_INFO = INCLUDE_SOURCE;
				MTL_FAST_MATH = YES;
				ONLY_ACTIVE_ARCH = YES;
				SDKROOT = iphoneos;
				SWIFT_ACTIVE_COMPILATION_CONDITIONS = DEBUG;
				SWIFT_OPTIMIZATION_LEVEL = "-Onone";
			};
			name = Debug;
		};
		4A97932A2AAA22EF00F29DB3 /* Release */ = {
			isa = XCBuildConfiguration;
			buildSettings = {
				ALWAYS_SEARCH_USER_PATHS = NO;
				CLANG_ANALYZER_NONNULL = YES;
				CLANG_ANALYZER_NUMBER_OBJECT_CONVERSION = YES_AGGRESSIVE;
				CLANG_CXX_LANGUAGE_STANDARD = "gnu++20";
				CLANG_ENABLE_MODULES = YES;
				CLANG_ENABLE_OBJC_ARC = YES;
				CLANG_ENABLE_OBJC_WEAK = YES;
				CLANG_WARN_BLOCK_CAPTURE_AUTORELEASING = YES;
				CLANG_WARN_BOOL_CONVERSION = YES;
				CLANG_WARN_COMMA = YES;
				CLANG_WARN_CONSTANT_CONVERSION = YES;
				CLANG_WARN_DEPRECATED_OBJC_IMPLEMENTATIONS = YES;
				CLANG_WARN_DIRECT_OBJC_ISA_USAGE = YES_ERROR;
				CLANG_WARN_DOCUMENTATION_COMMENTS = YES;
				CLANG_WARN_EMPTY_BODY = YES;
				CLANG_WARN_ENUM_CONVERSION = YES;
				CLANG_WARN_INFINITE_RECURSION = YES;
				CLANG_WARN_INT_CONVERSION = YES;
				CLANG_WARN_NON_LITERAL_NULL_CONVERSION = YES;
				CLANG_WARN_OBJC_IMPLICIT_RETAIN_SELF = YES;
				CLANG_WARN_OBJC_LITERAL_CONVERSION = YES;
				CLANG_WARN_OBJC_ROOT_CLASS = YES_ERROR;
				CLANG_WARN_QUOTED_INCLUDE_IN_FRAMEWORK_HEADER = YES;
				CLANG_WARN_RANGE_LOOP_ANALYSIS = YES;
				CLANG_WARN_STRICT_PROTOTYPES = YES;
				CLANG_WARN_SUSPICIOUS_MOVE = YES;
				CLANG_WARN_UNGUARDED_AVAILABILITY = YES_AGGRESSIVE;
				CLANG_WARN_UNREACHABLE_CODE = YES;
				CLANG_WARN__DUPLICATE_METHOD_MATCH = YES;
				COPY_PHASE_STRIP = NO;
				DEBUG_INFORMATION_FORMAT = "dwarf-with-dsym";
				ENABLE_NS_ASSERTIONS = NO;
				ENABLE_STRICT_OBJC_MSGSEND = YES;
				GCC_C_LANGUAGE_STANDARD = gnu11;
				GCC_NO_COMMON_BLOCKS = YES;
				GCC_WARN_64_TO_32_BIT_CONVERSION = YES;
				GCC_WARN_ABOUT_RETURN_TYPE = YES_ERROR;
				GCC_WARN_UNDECLARED_SELECTOR = YES;
				GCC_WARN_UNINITIALIZED_AUTOS = YES_AGGRESSIVE;
				GCC_WARN_UNUSED_FUNCTION = YES;
				GCC_WARN_UNUSED_VARIABLE = YES;
				IPHONEOS_DEPLOYMENT_TARGET = 16.4;
				MTL_ENABLE_DEBUG_INFO = NO;
				MTL_FAST_MATH = YES;
				SDKROOT = iphoneos;
				SWIFT_COMPILATION_MODE = wholemodule;
				SWIFT_OPTIMIZATION_LEVEL = "-O";
				VALIDATE_PRODUCT = YES;
			};
			name = Release;
		};
		4A97932C2AAA22EF00F29DB3 /* Debug */ = {
			isa = XCBuildConfiguration;
			buildSettings = {
				ASSETCATALOG_COMPILER_APPICON_NAME = AppIcon;
				ASSETCATALOG_COMPILER_GLOBAL_ACCENT_COLOR_NAME = AccentColor;
				CODE_SIGN_STYLE = Automatic;
				CURRENT_PROJECT_VERSION = 1;
				DEVELOPMENT_TEAM = SS7U83UJNK;
				GENERATE_INFOPLIST_FILE = YES;
				INFOPLIST_FILE = ExSwiftSyntax/Info.plist;
				INFOPLIST_KEY_UIApplicationSupportsIndirectInputEvents = YES;
				INFOPLIST_KEY_UILaunchStoryboardName = LaunchScreen;
				INFOPLIST_KEY_UIMainStoryboardFile = Main;
				INFOPLIST_KEY_UISupportedInterfaceOrientations_iPad = "UIInterfaceOrientationPortrait UIInterfaceOrientationPortraitUpsideDown UIInterfaceOrientationLandscapeLeft UIInterfaceOrientationLandscapeRight";
				INFOPLIST_KEY_UISupportedInterfaceOrientations_iPhone = "UIInterfaceOrientationPortrait UIInterfaceOrientationLandscapeLeft UIInterfaceOrientationLandscapeRight";
				LD_RUNPATH_SEARCH_PATHS = (
					"$(inherited)",
					"@executable_path/Frameworks",
				);
				MARKETING_VERSION = 1.0;
				PRODUCT_BUNDLE_IDENTIFIER = com.jake.ExSwiftSyntax;
				PRODUCT_NAME = "$(TARGET_NAME)";
				SWIFT_EMIT_LOC_STRINGS = YES;
				SWIFT_VERSION = 5.0;
				TARGETED_DEVICE_FAMILY = "1,2";
			};
			name = Debug;
		};
		4A97932D2AAA22EF00F29DB3 /* Release */ = {
			isa = XCBuildConfiguration;
			buildSettings = {
				ASSETCATALOG_COMPILER_APPICON_NAME = AppIcon;
				ASSETCATALOG_COMPILER_GLOBAL_ACCENT_COLOR_NAME = AccentColor;
				CODE_SIGN_STYLE = Automatic;
				CURRENT_PROJECT_VERSION = 1;
				DEVELOPMENT_TEAM = SS7U83UJNK;
				GENERATE_INFOPLIST_FILE = YES;
				INFOPLIST_FILE = ExSwiftSyntax/Info.plist;
				INFOPLIST_KEY_UIApplicationSupportsIndirectInputEvents = YES;
				INFOPLIST_KEY_UILaunchStoryboardName = LaunchScreen;
				INFOPLIST_KEY_UIMainStoryboardFile = Main;
				INFOPLIST_KEY_UISupportedInterfaceOrientations_iPad = "UIInterfaceOrientationPortrait UIInterfaceOrientationPortraitUpsideDown UIInterfaceOrientationLandscapeLeft UIInterfaceOrientationLandscapeRight";
				INFOPLIST_KEY_UISupportedInterfaceOrientations_iPhone = "UIInterfaceOrientationPortrait UIInterfaceOrientationLandscapeLeft UIInterfaceOrientationLandscapeRight";
				LD_RUNPATH_SEARCH_PATHS = (
					"$(inherited)",
					"@executable_path/Frameworks",
				);
				MARKETING_VERSION = 1.0;
				PRODUCT_BUNDLE_IDENTIFIER = com.jake.ExSwiftSyntax;
				PRODUCT_NAME = "$(TARGET_NAME)";
				SWIFT_EMIT_LOC_STRINGS = YES;
				SWIFT_VERSION = 5.0;
				TARGETED_DEVICE_FAMILY = "1,2";
			};
			name = Release;
		};
/* End XCBuildConfiguration section */

/* Begin XCConfigurationList section */
		4A9793122AAA22EE00F29DB3 /* Build configuration list for PBXProject "ExSwiftSyntax" */ = {
			isa = XCConfigurationList;
			buildConfigurations = (
				4A9793292AAA22EF00F29DB3 /* Debug */,
				4A97932A2AAA22EF00F29DB3 /* Release */,
			);
			defaultConfigurationIsVisible = 0;
			defaultConfigurationName = Release;
		};
		4A97932B2AAA22EF00F29DB3 /* Build configuration list for PBXNativeTarget "ExSwiftSyntax" */ = {
			isa = XCConfigurationList;
			buildConfigurations = (
				4A97932C2AAA22EF00F29DB3 /* Debug */,
				4A97932D2AAA22EF00F29DB3 /* Release */,
			);
			defaultConfigurationIsVisible = 0;
			defaultConfigurationName = Release;
		};
/* End XCConfigurationList section */

/* Begin XCRemoteSwiftPackageReference section */
		4A9793312AAA244600F29DB3 /* XCRemoteSwiftPackageReference "swift-syntax" */ = {
			isa = XCRemoteSwiftPackageReference;
			repositoryURL = "https://github.com/apple/swift-syntax.git";
			requirement = {
				kind = upToNextMajorVersion;
				minimumVersion = 508.0.0;
			};
		};
/* End XCRemoteSwiftPackageReference section */

/* Begin XCSwiftPackageProductDependency section */
		4A9793322AAA244600F29DB3 /* SwiftParser */ = {
			isa = XCSwiftPackageProductDependency;
			package = 4A9793312AAA244600F29DB3 /* XCRemoteSwiftPackageReference "swift-syntax" */;
			productName = SwiftParser;
		};
		4A9793342AAA244600F29DB3 /* SwiftSyntax */ = {
			isa = XCSwiftPackageProductDependency;
			package = 4A9793312AAA244600F29DB3 /* XCRemoteSwiftPackageReference "swift-syntax" */;
			productName = SwiftSyntax;
		};
		4A9793362AAA244600F29DB3 /* SwiftSyntaxBuilder */ = {
			isa = XCSwiftPackageProductDependency;
			package = 4A9793312AAA244600F29DB3 /* XCRemoteSwiftPackageReference "swift-syntax" */;
			productName = SwiftSyntaxBuilder;
		};
		4A9793382AAA244600F29DB3 /* SwiftSyntaxParser */ = {
			isa = XCSwiftPackageProductDependency;
			package = 4A9793312AAA244600F29DB3 /* XCRemoteSwiftPackageReference "swift-syntax" */;
			productName = SwiftSyntaxParser;
		};
/* End XCSwiftPackageProductDependency section */
	};
	rootObject = 4A97930F2AAA22EE00F29DB3 /* Project object */;
}
